Microsoft Visual Studio Solution File, Format Version 12.00
# Visual Studio 15
VisualStudioVersion = 15.0.26430.16
MinimumVisualStudioVersion = 10.0.40219.1
Project("{FAE04EC0-301F-11D3-BF4B-00C04F79EFBC}") = "BattleChess3.Core", "BattleChess3.Core\BattleChess3.Core.csproj", "{4663DA29-AA05-4134-800D-1974BE8DB559}"
EndProject
Project("{FAE04EC0-301F-11D3-BF4B-00C04F79EFBC}") = "BattleChess3.UI", "BattleChess3.UI\BattleChess3.UI.csproj", "{EDC1603E-4D88-440C-BEFF-7EB78DB64FE0}"
EndProject
Global
	GlobalSection(SolutionConfigurationPlatforms) = preSolution
		Debug|Any CPU = Debug|Any CPU
		Release|Any CPU = Release|Any CPU
	EndGlobalSection
	GlobalSection(ProjectConfigurationPlatforms) = postSolution
		{4663DA29-AA05-4134-800D-1974BE8DB559}.Debug|Any CPU.ActiveCfg = Debug|Any CPU
		{4663DA29-AA05-4134-800D-1974BE8DB559}.Debug|Any CPU.Build.0 = Debug|Any CPU
		{4663DA29-AA05-4134-800D-1974BE8DB559}.Release|Any CPU.ActiveCfg = Release|Any CPU
		{4663DA29-AA05-4134-800D-1974BE8DB559}.Release|Any CPU.Build.0 = Release|Any CPU
		{EDC1603E-4D88-440C-BEFF-7EB78DB64FE0}.Debug|Any CPU.ActiveCfg = Debug|Any CPU
		{EDC1603E-4D88-440C-BEFF-7EB78DB64FE0}.Debug|Any CPU.Build.0 = Debug|Any CPU
		{EDC1603E-4D88-440C-BEFF-7EB78DB64FE0}.Release|Any CPU.ActiveCfg = Release|Any CPU
		{EDC1603E-4D88-440C-BEFF-7EB78DB64FE0}.Release|Any CPU.Build.0 = Release|Any CPU
	EndGlobalSection
	GlobalSection(SolutionProperties) = preSolution
		HideSolutionNode = FALSE
	EndGlobalSection
	GlobalSection(ExtensibilityGlobals) = postSolution
		SolutionGuid = {0A17059C-17CB-4FA9-BE6E-9BA95510BEFE}
	EndGlobalSection
EndGlobal
