Microsoft Visual Studio Solution File, Format Version 12.00
# Visual Studio 15
VisualStudioVersion = 15.0.26430.16
MinimumVisualStudioVersion = 10.0.40219.1
Project("{FAE04EC0-301F-11D3-BF4B-00C04F79EFBC}") = "BattleChess3.Core", "BattleChess3.Core\BattleChess3.Core.csproj", "{4663DA29-AA05-4134-800D-1974BE8DB559}"
EndProject
Project("{FAE04EC0-301F-11D3-BF4B-00C04F79EFBC}") = "BattleChess3.UI", "BattleChess3.UI\BattleChess3.UI.csproj", "{EDC1603E-4D88-440C-BEFF-7EB78DB64FE0}"
EndProject
Project("{FAE04EC0-301F-11D3-BF4B-00C04F79EFBC}") = "BattleChess3.ChessFigures", "FigureSets\BattleChess3.ChessFigures\BattleChess3.ChessFigures.csproj", "{95A90B4F-E8F1-4447-A90F-EBD234AE1D7A}"
EndProject
Project("{2150E333-8FDC-42A3-9474-1A3956D46DE8}") = "FigureSets", "FigureSets", "{F4AE98FC-E8F7-4D64-8EDD-CCAF59A5CDDF}"
EndProject
Project("{FAE04EC0-301F-11D3-BF4B-00C04F79EFBC}") = "BattleChess3.SilmarillionFigures", "FigureSets\BattleChess3.SilmarillionFigures\BattleChess3.SilmarillionFigures.csproj", "{685C60EC-C7F4-4B61-9E27-43A0EC10FA4B}"
EndProject
Project("{FAE04EC0-301F-11D3-BF4B-00C04F79EFBC}") = "BattleChess3.LordOfTheRingsFigures", "FigureSets\BattleChess3.LordOfTheRingsFigures\BattleChess3.LordOfTheRingsFigures.csproj", "{95FBC958-BF26-41AF-9220-697330DAAF20}"
EndProject
Project("{FAE04EC0-301F-11D3-BF4B-00C04F79EFBC}") = "BattleChess3.HobbitFigures", "FigureSets\BattleChess3.HobbitFigures\BattleChess3.HobbitFigures.csproj", "{97F09675-4228-4442-AFD7-4CF7BBE6BBB7}"
EndProject
Project("{FAE04EC0-301F-11D3-BF4B-00C04F79EFBC}") = "BattleChess3.DefaultFigures", "FigureSets\BattleChess3.DefaultFigures\BattleChess3.DefaultFigures.csproj", "{EF9D77DE-FDAF-4A48-9224-C101A2E277F1}"
EndProject
Project("{2150E333-8FDC-42A3-9474-1A3956D46DE8}") = "Styles", "Styles", "{A20E2905-567B-420B-951E-D888DFAC7632}"
EndProject
Project("{FAE04EC0-301F-11D3-BF4B-00C04F79EFBC}") = "BattleChess3.GondolinStyle", "Styles\BattleChess3.GondolinStyle\BattleChess3.GondolinStyle.csproj", "{0E8B2661-92F9-4583-AE25-18831BCE3B2F}"
EndProject
Project("{FAE04EC0-301F-11D3-BF4B-00C04F79EFBC}") = "BattleChess3.MinasTirithStyle", "Styles\BattleChess3.MinasTirithStyle\BattleChess3.MinasTirithStyle.csproj", "{0E6942B1-ED82-4D10-BB35-42D906D92440}"
EndProject
Project("{FAE04EC0-301F-11D3-BF4B-00C04F79EFBC}") = "BattleChess3.PaperStyle", "Styles\BattleChess3.PaperStyle\BattleChess3.PaperStyle.csproj", "{12F6BBBE-511B-49E0-9A58-D5F21F00907C}"
EndProject
Project("{FAE04EC0-301F-11D3-BF4B-00C04F79EFBC}") = "BattleChess3.RivendellStyle", "Styles\BattleChess3.RivendellStyle\BattleChess3.RivendellStyle.csproj", "{B8F5AF3E-D0BB-44B6-9C08-1971805FA7B5}"
EndProject
Project("{FAE04EC0-301F-11D3-BF4B-00C04F79EFBC}") = "BattleChess3.ValinorStyle", "Styles\BattleChess3.ValinorStyle\BattleChess3.ValinorStyle.csproj", "{097371C8-8D8B-4E1D-ADD8-32AD7D919BF9}"
EndProject
Project("{FAE04EC0-301F-11D3-BF4B-00C04F79EFBC}") = "BattleChess3.PixarStyle", "Styles\BattleChess3.PixarStyle\BattleChess3.PixarStyle.csproj", "{D076094B-98CB-48BB-8665-191B9B2EBF0C}"
EndProject
Global
	GlobalSection(SolutionConfigurationPlatforms) = preSolution
		Debug|Any CPU = Debug|Any CPU
		Release|Any CPU = Release|Any CPU
	EndGlobalSection
	GlobalSection(ProjectConfigurationPlatforms) = postSolution
		{4663DA29-AA05-4134-800D-1974BE8DB559}.Debug|Any CPU.ActiveCfg = Debug|Any CPU
		{4663DA29-AA05-4134-800D-1974BE8DB559}.Debug|Any CPU.Build.0 = Debug|Any CPU
		{4663DA29-AA05-4134-800D-1974BE8DB559}.Release|Any CPU.ActiveCfg = Release|Any CPU
		{4663DA29-AA05-4134-800D-1974BE8DB559}.Release|Any CPU.Build.0 = Release|Any CPU
		{EDC1603E-4D88-440C-BEFF-7EB78DB64FE0}.Debug|Any CPU.ActiveCfg = Debug|Any CPU
		{EDC1603E-4D88-440C-BEFF-7EB78DB64FE0}.Debug|Any CPU.Build.0 = Debug|Any CPU
		{EDC1603E-4D88-440C-BEFF-7EB78DB64FE0}.Release|Any CPU.ActiveCfg = Release|Any CPU
		{EDC1603E-4D88-440C-BEFF-7EB78DB64FE0}.Release|Any CPU.Build.0 = Release|Any CPU
		{95A90B4F-E8F1-4447-A90F-EBD234AE1D7A}.Debug|Any CPU.ActiveCfg = Debug|Any CPU
		{95A90B4F-E8F1-4447-A90F-EBD234AE1D7A}.Debug|Any CPU.Build.0 = Debug|Any CPU
		{95A90B4F-E8F1-4447-A90F-EBD234AE1D7A}.Release|Any CPU.ActiveCfg = Release|Any CPU
		{95A90B4F-E8F1-4447-A90F-EBD234AE1D7A}.Release|Any CPU.Build.0 = Release|Any CPU
		{685C60EC-C7F4-4B61-9E27-43A0EC10FA4B}.Debug|Any CPU.ActiveCfg = Debug|Any CPU
		{685C60EC-C7F4-4B61-9E27-43A0EC10FA4B}.Debug|Any CPU.Build.0 = Debug|Any CPU
		{685C60EC-C7F4-4B61-9E27-43A0EC10FA4B}.Release|Any CPU.ActiveCfg = Release|Any CPU
		{685C60EC-C7F4-4B61-9E27-43A0EC10FA4B}.Release|Any CPU.Build.0 = Release|Any CPU
		{95FBC958-BF26-41AF-9220-697330DAAF20}.Debug|Any CPU.ActiveCfg = Debug|Any CPU
		{95FBC958-BF26-41AF-9220-697330DAAF20}.Debug|Any CPU.Build.0 = Debug|Any CPU
		{95FBC958-BF26-41AF-9220-697330DAAF20}.Release|Any CPU.ActiveCfg = Release|Any CPU
		{95FBC958-BF26-41AF-9220-697330DAAF20}.Release|Any CPU.Build.0 = Release|Any CPU
		{97F09675-4228-4442-AFD7-4CF7BBE6BBB7}.Debug|Any CPU.ActiveCfg = Debug|Any CPU
		{97F09675-4228-4442-AFD7-4CF7BBE6BBB7}.Debug|Any CPU.Build.0 = Debug|Any CPU
		{97F09675-4228-4442-AFD7-4CF7BBE6BBB7}.Release|Any CPU.ActiveCfg = Release|Any CPU
		{97F09675-4228-4442-AFD7-4CF7BBE6BBB7}.Release|Any CPU.Build.0 = Release|Any CPU
		{EF9D77DE-FDAF-4A48-9224-C101A2E277F1}.Debug|Any CPU.ActiveCfg = Debug|Any CPU
		{EF9D77DE-FDAF-4A48-9224-C101A2E277F1}.Debug|Any CPU.Build.0 = Debug|Any CPU
		{EF9D77DE-FDAF-4A48-9224-C101A2E277F1}.Release|Any CPU.ActiveCfg = Release|Any CPU
		{EF9D77DE-FDAF-4A48-9224-C101A2E277F1}.Release|Any CPU.Build.0 = Release|Any CPU
		{0E8B2661-92F9-4583-AE25-18831BCE3B2F}.Debug|Any CPU.ActiveCfg = Debug|Any CPU
		{0E8B2661-92F9-4583-AE25-18831BCE3B2F}.Debug|Any CPU.Build.0 = Debug|Any CPU
		{0E8B2661-92F9-4583-AE25-18831BCE3B2F}.Release|Any CPU.ActiveCfg = Release|Any CPU
		{0E8B2661-92F9-4583-AE25-18831BCE3B2F}.Release|Any CPU.Build.0 = Release|Any CPU
		{0E6942B1-ED82-4D10-BB35-42D906D92440}.Debug|Any CPU.ActiveCfg = Debug|Any CPU
		{0E6942B1-ED82-4D10-BB35-42D906D92440}.Debug|Any CPU.Build.0 = Debug|Any CPU
		{0E6942B1-ED82-4D10-BB35-42D906D92440}.Release|Any CPU.ActiveCfg = Release|Any CPU
		{0E6942B1-ED82-4D10-BB35-42D906D92440}.Release|Any CPU.Build.0 = Release|Any CPU
		{12F6BBBE-511B-49E0-9A58-D5F21F00907C}.Debug|Any CPU.ActiveCfg = Debug|Any CPU
		{12F6BBBE-511B-49E0-9A58-D5F21F00907C}.Debug|Any CPU.Build.0 = Debug|Any CPU
		{12F6BBBE-511B-49E0-9A58-D5F21F00907C}.Release|Any CPU.ActiveCfg = Release|Any CPU
		{12F6BBBE-511B-49E0-9A58-D5F21F00907C}.Release|Any CPU.Build.0 = Release|Any CPU
		{B8F5AF3E-D0BB-44B6-9C08-1971805FA7B5}.Debug|Any CPU.ActiveCfg = Debug|Any CPU
		{B8F5AF3E-D0BB-44B6-9C08-1971805FA7B5}.Debug|Any CPU.Build.0 = Debug|Any CPU
		{B8F5AF3E-D0BB-44B6-9C08-1971805FA7B5}.Release|Any CPU.ActiveCfg = Release|Any CPU
		{B8F5AF3E-D0BB-44B6-9C08-1971805FA7B5}.Release|Any CPU.Build.0 = Release|Any CPU
		{097371C8-8D8B-4E1D-ADD8-32AD7D919BF9}.Debug|Any CPU.ActiveCfg = Debug|Any CPU
		{097371C8-8D8B-4E1D-ADD8-32AD7D919BF9}.Debug|Any CPU.Build.0 = Debug|Any CPU
		{097371C8-8D8B-4E1D-ADD8-32AD7D919BF9}.Release|Any CPU.ActiveCfg = Release|Any CPU
		{097371C8-8D8B-4E1D-ADD8-32AD7D919BF9}.Release|Any CPU.Build.0 = Release|Any CPU
		{D076094B-98CB-48BB-8665-191B9B2EBF0C}.Debug|Any CPU.ActiveCfg = Debug|Any CPU
		{D076094B-98CB-48BB-8665-191B9B2EBF0C}.Debug|Any CPU.Build.0 = Debug|Any CPU
		{D076094B-98CB-48BB-8665-191B9B2EBF0C}.Release|Any CPU.ActiveCfg = Release|Any CPU
		{D076094B-98CB-48BB-8665-191B9B2EBF0C}.Release|Any CPU.Build.0 = Release|Any CPU
	EndGlobalSection
	GlobalSection(SolutionProperties) = preSolution
		HideSolutionNode = FALSE
	EndGlobalSection
	GlobalSection(ExtensibilityGlobals) = postSolution
		SolutionGuid = {0A17059C-17CB-4FA9-BE6E-9BA95510BEFE}
	EndGlobalSection
	GlobalSection(NestedProjects) = preSolution
		{95A90B4F-E8F1-4447-A90F-EBD234AE1D7A} = {F4AE98FC-E8F7-4D64-8EDD-CCAF59A5CDDF}
		{685C60EC-C7F4-4B61-9E27-43A0EC10FA4B} = {F4AE98FC-E8F7-4D64-8EDD-CCAF59A5CDDF}
		{95FBC958-BF26-41AF-9220-697330DAAF20} = {F4AE98FC-E8F7-4D64-8EDD-CCAF59A5CDDF}
		{97F09675-4228-4442-AFD7-4CF7BBE6BBB7} = {F4AE98FC-E8F7-4D64-8EDD-CCAF59A5CDDF}
		{EF9D77DE-FDAF-4A48-9224-C101A2E277F1} = {F4AE98FC-E8F7-4D64-8EDD-CCAF59A5CDDF}
		{0E8B2661-92F9-4583-AE25-18831BCE3B2F} = {A20E2905-567B-420B-951E-D888DFAC7632}
		{0E6942B1-ED82-4D10-BB35-42D906D92440} = {A20E2905-567B-420B-951E-D888DFAC7632}
		{12F6BBBE-511B-49E0-9A58-D5F21F00907C} = {A20E2905-567B-420B-951E-D888DFAC7632}
		{B8F5AF3E-D0BB-44B6-9C08-1971805FA7B5} = {A20E2905-567B-420B-951E-D888DFAC7632}
		{097371C8-8D8B-4E1D-ADD8-32AD7D919BF9} = {A20E2905-567B-420B-951E-D888DFAC7632}
		{D076094B-98CB-48BB-8665-191B9B2EBF0C} = {A20E2905-567B-420B-951E-D888DFAC7632}
	EndGlobalSection
EndGlobal
